
Microsoft Visual Studio Solution File, Format Version 12.00
# Visual Studio Version 17
VisualStudioVersion = 17.6.33829.357
MinimumVisualStudioVersion = 10.0.40219.1
Project("{9A19103F-16F7-4668-BE54-9A1E7A4F7556}") = "Tester", "Tester.csproj", "{0BD6811C-385D-4F2D-A356-B64EC69E5E88}"
EndProject
Global
	GlobalSection(SolutionConfigurationPlatforms) = preSolution
		Debug|Any CPU = Debug|Any CPU
		Release|Any CPU = Release|Any CPU
	EndGlobalSection
	GlobalSection(ProjectConfigurationPlatforms) = postSolution
		{0BD6811C-385D-4F2D-A356-B64EC69E5E88}.Debug|Any CPU.ActiveCfg = Debug|Any CPU
		{0BD6811C-385D-4F2D-A356-B64EC69E5E88}.Debug|Any CPU.Build.0 = Debug|Any CPU
		{0BD6811C-385D-4F2D-A356-B64EC69E5E88}.Release|Any CPU.ActiveCfg = Release|Any CPU
		{0BD6811C-385D-4F2D-A356-B64EC69E5E88}.Release|Any CPU.Build.0 = Release|Any CPU
	EndGlobalSection
	GlobalSection(SolutionProperties) = preSolution
		HideSolutionNode = FALSE
	EndGlobalSection
	GlobalSection(ExtensibilityGlobals) = postSolution
		SolutionGuid = {3F9E477E-B74D-4006-B840-91C494063C6B}
	EndGlobalSection
EndGlobal
